dependencies:
- name: nvidia-device-plugin
  repository: https://nvidia.github.io/k8s-device-plugin
  version: 0.17.4
- name: hami
  repository: https://project-hami.github.io/HAMi/
  version: 2.9.0
- name: keda
  repository: https://kedacore.github.io/charts
  version: 2.17.2
- name: kube-prometheus-stack
  repository: https://prometheus-community.github.io/helm-charts
  version: 77.14.0
digest: sha256:63ad999b4a263ef9afe55eb41e0c739346a7c3a4bcf1921fb5f73d8b4ebdf84b
generated: "2026-10-05T23:16:16.757617-04:00"
